
Microsoft Visual Studio Solution File, Format Version 12.00
# Visual Studio Version 16
VisualStudioVersion = 16.0.32929.386
MinimumVisualStudioVersion = 10.0.40219.1
Project("{FAE04EC0-301F-11D3-BF4B-00C04F79EFBC}") = "Social_Services", "TestServices\Social_Services.csproj", "{8A3EE71A-17A2-4160-9B90-F5F846994CF8}"
EndProject
Global
	GlobalSection(SolutionConfigurationPlatforms) = preSolution
		Debug|Any CPU = Debug|Any CPU
		Release|Any CPU = Release|Any CPU
	EndGlobalSection
	GlobalSection(ProjectConfigurationPlatforms) = postSolution
		{8A3EE71A-17A2-4160-9B90-F5F846994CF8}.Debug|Any CPU.ActiveCfg = Debug|Any CPU
		{8A3EE71A-17A2-4160-9B90-F5F846994CF8}.Debug|Any CPU.Build.0 = Debug|Any CPU
		{8A3EE71A-17A2-4160-9B90-F5F846994CF8}.Release|Any CPU.ActiveCfg = Release|Any CPU
		{8A3EE71A-17A2-4160-9B90-F5F846994CF8}.Release|Any CPU.Build.0 = Release|Any CPU
	EndGlobalSection
	GlobalSection(SolutionProperties) = preSolution
		HideSolutionNode = FALSE
	EndGlobalSection
	GlobalSection(ExtensibilityGlobals) = postSolution
		SolutionGuid = {14D9C2E3-F36F-40C0-80C5-069453E907CA}
	EndGlobalSection
EndGlobal
